// !$*UTF8*$!
{
	archiveVersion = 1;
	classes = {
	};
	objectVersion = 46;
	objects = {

/* Begin PBXBuildFile section */
		5CB2894419DA4B44006CACEA /* AppDelegate.swift in Sources */ = {isa = PBXBuildFile; fileRef = 5CB2894319DA4B44006CACEA /* AppDelegate.swift */; };
		5CB2894919DA4B44006CACEA /* Main.storyboard in Resources */ = {isa = PBXBuildFile; fileRef = 5CB2894719DA4B44006CACEA /* Main.storyboard */; };
		5CB2894B19DA4B44006CACEA /* Images.xcassets in Resources */ = {isa = PBXBuildFile; fileRef = 5CB2894A19DA4B44006CACEA /* Images.xcassets */; };
		5CB2894E19DA4B44006CACEA /* LaunchScreen.xib in Resources */ = {isa = PBXBuildFile; fileRef = 5CB2894C19DA4B44006CACEA /* LaunchScreen.xib */; };
		5CB2895A19DA4B44006CACEA /* CodeOnlyTests.swift in Sources */ = {isa = PBXBuildFile; fileRef = 5CB2895919DA4B44006CACEA /* CodeOnlyTests.swift */; };
		5CB2896519DA4B6F006CACEA /* OrangeViewController.swift in Sources */ = {isa = PBXBuildFile; fileRef = 5CB2896419DA4B6F006CACEA /* OrangeViewController.swift */; };
		5CB2896719DA4B7B006CACEA /* YellowViewController.swift in Sources */ = {isa = PBXBuildFile; fileRef = 5CB2896619DA4B7B006CACEA /* YellowViewController.swift */; };
/* End PBXBuildFile section */

/* Begin PBXContainerItemProxy section */
		5CB2895419DA4B44006CACEA /* PBXContainerItemProxy */ = {
			isa = PBXContainerItemProxy;
			containerPortal = 5CB2893619DA4B44006CACEA /* Project object */;
			proxyType = 1;
			remoteGlobalIDString = 5CB2893D19DA4B44006CACEA;
			remoteInfo = CodeOnly;
		};
/* End PBXContainerItemProxy section */

/* Begin PBXFileReference section */
		5CB2893E19DA4B44006CACEA /* CodeOnly.app */ = {isa = PBXFileReference; explicitFileType = wrapper.application; includeInIndex = 0; path = CodeOnly.app; sourceTree = BUILT_PRODUCTS_DIR; };
		5CB2894219DA4B44006CACEA /* Info.plist */ = {isa = PBXFileReference; lastKnownFileType = text.plist.xml; path = Info.plist; sourceTree = "<group>"; };
		5CB2894319DA4B44006CACEA /* AppDelegate.swift */ = {isa = PBXFileReference; lastKnownFileType = sourcecode.swift; path = AppDelegate.swift; sourceTree = "<group>"; };
		5CB2894819DA4B44006CACEA /* Base */ = {isa = PBXFileReference; lastKnownFileType = file.storyboard; name = Base; path = Base.lproj/Main.storyboard; sourceTree = "<group>"; };
		5CB2894A19DA4B44006CACEA /* Images.xcassets */ = {isa = PBXFileReference; lastKnownFileType = folder.assetcatalog; path = Images.xcassets; sourceTree = "<group>"; };
		5CB2894D19DA4B44006CACEA /* Base */ = {isa = PBXFileReference; lastKnownFileType = file.xib; name = Base; path = Base.lproj/LaunchScreen.xib; sourceTree = "<group>"; };
		5CB2895319DA4B44006CACEA /* CodeOnlyTests.xctest */ = {isa = PBXFileReference; explicitFileType = wrapper.cfbundle; includeInIndex = 0; path = CodeOnlyTests.xctest; sourceTree = BUILT_PRODUCTS_DIR; };
		5CB2895819DA4B44006CACEA /* Info.plist */ = {isa = PBXFileReference; lastKnownFileType = text.plist.xml; path = Info.plist; sourceTree = "<group>"; };
		5CB2895919DA4B44006CACEA /* CodeOnlyTests.swift */ = {isa = PBXFileReference; lastKnownFileType = sourcecode.swift; path = CodeOnlyTests.swift; sourceTree = "<group>"; };
		5CB2896419DA4B6F006CACEA /* OrangeViewController.swift */ = {isa = PBXFileReference; fileEncoding = 4; lastKnownFileType = sourcecode.swift; path = OrangeViewController.swift; sourceTree = "<group>"; };
		5CB2896619DA4B7B006CACEA /* YellowViewController.swift */ = {isa = PBXFileReference; fileEncoding = 4; lastKnownFileType = sourcecode.swift; path = YellowViewController.swift; sourceTree = "<group>"; };
/* End PBXFileReference section */

/* Begin PBXFrameworksBuildPhase section */
		5CB2893B19DA4B44006CACEA /* Frameworks */ = {
			isa = PBXFrameworksBuildPhase;
			buildActionMask = 2147483647;
			files = (
			);
			runOnlyForDeploymentPostprocessing = 0;
		};
		5CB2895019DA4B44006CACEA /* Frameworks */ = {
			isa = PBXFrameworksBuildPhase;
			buildActionMask = 2147483647;
			files = (
			);
			runOnlyForDeploymentPostprocessing = 0;
		};
/* End PBXFrameworksBuildPhase section */

/* Begin PBXGroup section */
		5CB2893519DA4B44006CACEA = {
			isa = PBXGroup;
			children = (
				5CB2894019DA4B44006CACEA /* CodeOnly */,
				5CB2895619DA4B44006CACEA /* CodeOnlyTests */,
				5CB2893F19DA4B44006CACEA /* Products */,
			);
			sourceTree = "<group>";
		};
		5CB2893F19DA4B44006CACEA /* Products */ = {
			isa = PBXGroup;
			children = (
				5CB2893E19DA4B44006CACEA /* CodeOnly.app */,
				5CB2895319DA4B44006CACEA /* CodeOnlyTests.xctest */,
			);
			name = Products;
			sourceTree = "<group>";
		};
		5CB2894019DA4B44006CACEA /* CodeOnly */ = {
			isa = PBXGroup;
			children = (
				5CB2896319DA4B52006CACEA /* ViewControllers */,
				5CB2894319DA4B44006CACEA /* AppDelegate.swift */,
				5CB2894719DA4B44006CACEA /* Main.storyboard */,
				5CB2894A19DA4B44006CACEA /* Images.xcassets */,
				5CB2894C19DA4B44006CACEA /* LaunchScreen.xib */,
				5CB2894119DA4B44006CACEA /* Supporting Files */,
			);
			path = CodeOnly;
			sourceTree = "<group>";
		};
		5CB2894119DA4B44006CACEA /* Supporting Files */ = {
			isa = PBXGroup;
			children = (
				5CB2894219DA4B44006CACEA /* Info.plist */,
			);
			name = "Supporting Files";
			sourceTree = "<group>";
		};
		5CB2895619DA4B44006CACEA /* CodeOnlyTests */ = {
			isa = PBXGroup;
			children = (
				5CB2895919DA4B44006CACEA /* CodeOnlyTests.swift */,
				5CB2895719DA4B44006CACEA /* Supporting Files */,
			);
			path = CodeOnlyTests;
			sourceTree = "<group>";
		};
		5CB2895719DA4B44006CACEA /* Supporting Files */ = {
			isa = PBXGroup;
			children = (
				5CB2895819DA4B44006CACEA /* Info.plist */,
			);
			name = "Supporting Files";
			sourceTree = "<group>";
		};
		5CB2896319DA4B52006CACEA /* ViewControllers */ = {
			isa = PBXGroup;
			children = (
				5CB2896419DA4B6F006CACEA /* OrangeViewController.swift */,
				5CB2896619DA4B7B006CACEA /* YellowViewController.swift */,
			);
			name = ViewControllers;
			sourceTree = "<group>";
		};
/* End PBXGroup section */

/* Begin PBXNativeTarget section */
		5CB2893D19DA4B44006CACEA /* CodeOnly */ = {
			isa = PBXNativeTarget;
			buildConfigurationList = 5CB2895D19DA4B44006CACEA /* Build configuration list for PBXNativeTarget "CodeOnly" */;
			buildPhases = (
				5CB2893A19DA4B44006CACEA /* Sources */,
				5CB2893B19DA4B44006CACEA /* Frameworks */,
				5CB2893C19DA4B44006CACEA /* Resources */,
			);
			buildRules = (
			);
			dependencies = (
			);
			name = CodeOnly;
			productName = CodeOnly;
			productReference = 5CB2893E19DA4B44006CACEA /* CodeOnly.app */;
			productType = "com.apple.product-type.application";
		};
		5CB2895219DA4B44006CACEA /* CodeOnlyTests */ = {
			isa = PBXNativeTarget;
			buildConfigurationList = 5CB2896019DA4B44006CACEA /* Build configuration list for PBXNativeTarget "CodeOnlyTests" */;
			buildPhases = (
				5CB2894F19DA4B44006CACEA /* Sources */,
				5CB2895019DA4B44006CACEA /* Frameworks */,
				5CB2895119DA4B44006CACEA /* Resources */,
			);
			buildRules = (
			);
			dependencies = (
				5CB2895519DA4B44006CACEA /* PBXTargetDependency */,
			);
			name = CodeOnlyTests;
			productName = CodeOnlyTests;
			productReference = 5CB2895319DA4B44006CACEA /* CodeOnlyTests.xctest */;
			productType = "com.apple.product-type.bundle.unit-test";
		};
/* End PBXNativeTarget section */

/* Begin PBXProject section */
		5CB2893619DA4B44006CACEA /* Project object */ = {
			isa = PBXProject;
			attributes = {
				LastUpgradeCheck = 0600;
				ORGANIZATIONNAME = "Madison DeHart";
				TargetAttributes = {
					5CB2893D19DA4B44006CACEA = {
						CreatedOnToolsVersion = 6.0;
					};
					5CB2895219DA4B44006CACEA = {
						CreatedOnToolsVersion = 6.0;
						TestTargetID = 5CB2893D19DA4B44006CACEA;
					};
				};
			};
			buildConfigurationList = 5CB2893919DA4B44006CACEA /* Build configuration list for PBXProject "CodeOnly" */;
			compatibilityVersion = "Xcode 3.2";
			developmentRegion = English;
			hasScannedForEncodings = 0;
			knownRegions = (
				en,
				Base,
			);
			mainGroup = 5CB2893519DA4B44006CACEA;
			productRefGroup = 5CB2893F19DA4B44006CACEA /* Products */;
			projectDirPath = "";
			projectRoot = "";
			targets = (
				5CB2893D19DA4B44006CACEA /* CodeOnly */,
				5CB2895219DA4B44006CACEA /* CodeOnlyTests */,
			);
		};
/* End PBXProject section */

/* Begin PBXResourcesBuildPhase section */
		5CB2893C19DA4B44006CACEA /* Resources */ = {
			isa = PBXResourcesBuildPhase;
			buildActionMask = 2147483647;
			files = (
				5CB2894919DA4B44006CACEA /* Main.storyboard in Resources */,
				5CB2894E19DA4B44006CACEA /* LaunchScreen.xib in Resources */,
				5CB2894B19DA4B44006CACEA /* Images.xcassets in Resources */,
			);
			runOnlyForDeploymentPostprocessing = 0;
		};
		5CB2895119DA4B44006CACEA /* Resources */ = {
			isa = PBXResourcesBuildPhase;
			buildActionMask = 2147483647;
			files = (
			);
			runOnlyForDeploymentPostprocessing = 0;
		};
/* End PBXResourcesBuildPhase section */

/* Begin PBXSourcesBuildPhase section */
		5CB2893A19DA4B44006CACEA /* Sources */ = {
			isa = PBXSourcesBuildPhase;
			buildActionMask = 2147483647;
			files = (
				5CB2896519DA4B6F006CACEA /* OrangeViewController.swift in Sources */,
				5CB2896719DA4B7B006CACEA /* YellowViewController.swift in Sources */,
				5CB2894419DA4B44006CACEA /* AppDelegate.swift in Sources */,
			);
			runOnlyForDeploymentPostprocessing = 0;
		};
		5CB2894F19DA4B44006CACEA /* Sources */ = {
			isa = PBXSourcesBuildPhase;
			buildActionMask = 2147483647;
			files = (
				5CB2895A19DA4B44006CACEA /* CodeOnlyTests.swift in Sources */,
			);
			runOnlyForDeploymentPostprocessing = 0;
		};
/* End PBXSourcesBuildPhase section */

/* Begin PBXTargetDependency section */
		5CB2895519DA4B44006CACEA /* PBXTargetDependency */ = {
			isa = PBXTargetDependency;
			target = 5CB2893D19DA4B44006CACEA /* CodeOnly */;
			targetProxy = 5CB2895419DA4B44006CACEA /* PBXContainerItemProxy */;
		};
/* End PBXTargetDependency section */

/* Begin PBXVariantGroup section */
		5CB2894719DA4B44006CACEA /* Main.storyboard */ = {
			isa = PBXVariantGroup;
			children = (
				5CB2894819DA4B44006CACEA /* Base */,
			);
			name = Main.storyboard;
			sourceTree = "<group>";
		};
		5CB2894C19DA4B44006CACEA /* LaunchScreen.xib */ = {
			isa = PBXVariantGroup;
			children = (
				5CB2894D19DA4B44006CACEA /* Base */,
			);
			name = LaunchScreen.xib;
			sourceTree = "<group>";
		};
/* End PBXVariantGroup section */

/* Begin XCBuildConfiguration section */
		5CB2895B19DA4B44006CACEA /* Debug */ = {
			isa = XCBuildConfiguration;
			buildSettings = {
				ALWAYS_SEARCH_USER_PATHS = NO;
				CLANG_CXX_LANGUAGE_STANDARD = "gnu++0x";
				CLANG_CXX_LIBRARY = "libc++";
				CLANG_ENABLE_MODULES = YES;
				CLANG_ENABLE_OBJC_ARC = YES;
				CLANG_WARN_BOOL_CONVERSION = YES;
				CLANG_WARN_CONSTANT_CONVERSION = YES;
				CLANG_WARN_DIRECT_OBJC_ISA_USAGE = YES_ERROR;
				CLANG_WARN_EMPTY_BODY = YES;
				CLANG_WARN_ENUM_CONVERSION = YES;
				CLANG_WARN_INT_CONVERSION = YES;
				CLANG_WARN_OBJC_ROOT_CLASS = YES_ERROR;
				CLANG_WARN_UNREACHABLE_CODE = YES;
				CLANG_WARN__DUPLICATE_METHOD_MATCH = YES;
				"CODE_SIGN_IDENTITY[sdk=iphoneos*]" = "iPhone Developer";
				COPY_PHASE_STRIP = NO;
				ENABLE_STRICT_OBJC_MSGSEND = YES;
				GCC_C_LANGUAGE_STANDARD = gnu99;
				GCC_DYNAMIC_NO_PIC = NO;
				GCC_OPTIMIZATION_LEVEL = 0;
				GCC_PREPROCESSOR_DEFINITIONS = (
					"DEBUG=1",
					"$(inherited)",
				);
				GCC_SYMBOLS_PRIVATE_EXTERN = NO;
				GCC_WARN_64_TO_32_BIT_CONVERSION = YES;
				GCC_WARN_ABOUT_RETURN_TYPE = YES_ERROR;
				GCC_WARN_UNDECLARED_SELECTOR = YES;
				GCC_WARN_UNINITIALIZED_AUTOS = YES_AGGRESSIVE;
				GCC_WARN_UNUSED_FUNCTION = YES;
				GCC_WARN_UNUSED_VARIABLE = YES;
				IPHONEOS_DEPLOYMENT_TARGET = 8.0;
				MTL_ENABLE_DEBUG_INFO = YES;
				ONLY_ACTIVE_ARCH = YES;
				SDKROOT = iphoneos;
				SWIFT_OPTIMIZATION_LEVEL = "-Onone";
			};
			name = Debug;
		};
		5CB2895C19DA4B44006CACEA /* Release */ = {
			isa = XCBuildConfiguration;
			buildSettings = {
				ALWAYS_SEARCH_USER_PATHS = NO;
				CLANG_CXX_LANGUAGE_STANDARD = "gnu++0x";
				CLANG_CXX_LIBRARY = "libc++";
				CLANG_ENABLE_MODULES = YES;
				CLANG_ENABLE_OBJC_ARC = YES;
				CLANG_WARN_BOOL_CONVERSION = YES;
				CLANG_WARN_CONSTANT_CONVERSION = YES;
				CLANG_WARN_DIRECT_OBJC_ISA_USAGE = YES_ERROR;
				CLANG_WARN_EMPTY_BODY = YES;
				CLANG_WARN_ENUM_CONVERSION = YES;
				CLANG_WARN_INT_CONVERSION = YES;
				CLANG_WARN_OBJC_ROOT_CLASS = YES_ERROR;
				CLANG_WARN_UNREACHABLE_CODE = YES;
				CLANG_WARN__DUPLICATE_METHOD_MATCH = YES;
				"CODE_SIGN_IDENTITY[sdk=iphoneos*]" = "iPhone Developer";
				COPY_PHASE_STRIP = YES;
				ENABLE_NS_ASSERTIONS = NO;
				ENABLE_STRICT_OBJC_MSGSEND = YES;
				GCC_C_LANGUAGE_STANDARD = gnu99;
				GCC_WARN_64_TO_32_BIT_CONVERSION = YES;
				GCC_WARN_ABOUT_RETURN_TYPE = YES_ERROR;
				GCC_WARN_UNDECLARED_SELECTOR = YES;
				GCC_WARN_UNINITIALIZED_AUTOS = YES_AGGRESSIVE;
				GCC_WARN_UNUSED_FUNCTION = YES;
				GCC_WARN_UNUSED_VARIABLE = YES;
				IPHONEOS_DEPLOYMENT_TARGET = 8.0;
				MTL_ENABLE_DEBUG_INFO = NO;
				SDKROOT = iphoneos;
				VALIDATE_PRODUCT = YES;
			};
			name = Release;
		};
		5CB2895E19DA4B44006CACEA /* Debug */ = {
			isa = XCBuildConfiguration;
			buildSettings = {
				ASSETCATALOG_COMPILER_APPICON_NAME = AppIcon;
				INFOPLIST_FILE = CodeOnly/Info.plist;
				LD_RUNPATH_SEARCH_PATHS = "$(inherited) @executable_path/Frameworks";
				PRODUCT_NAME = "$(TARGET_NAME)";
			};
			name = Debug;
		};
		5CB2895F19DA4B44006CACEA /* Release */ = {
			isa = XCBuildConfiguration;
			buildSettings = {
				ASSETCATALOG_COMPILER_APPICON_NAME = AppIcon;
				INFOPLIST_FILE = CodeOnly/Info.plist;
				LD_RUNPATH_SEARCH_PATHS = "$(inherited) @executable_path/Frameworks";
				PRODUCT_NAME = "$(TARGET_NAME)";
			};
			name = Release;
		};
		5CB2896119DA4B44006CACEA /* Debug */ = {
			isa = XCBuildConfiguration;
			buildSettings = {
				BUNDLE_LOADER = "$(TEST_HOST)";
				FRAMEWORK_SEARCH_PATHS = (
					"$(SDKROOT)/Developer/Library/Frameworks",
					"$(inherited)",
				);
				GCC_PREPROCESSOR_DEFINITIONS = (
					"DEBUG=1",
					"$(inherited)",
				);
				INFOPLIST_FILE = CodeOnlyTests/Info.plist;
				LD_RUNPATH_SEARCH_PATHS = "$(inherited) @executable_path/Frameworks @loader_path/Frameworks";
				PRODUCT_NAME = "$(TARGET_NAME)";
				TEST_HOST = "$(BUILT_PRODUCTS_DIR)/CodeOnly.app/CodeOnly";
			};
			name = Debug;
		};
		5CB2896219DA4B44006CACEA /* Release */ = {
			isa = XCBuildConfiguration;
			buildSettings = {
				BUNDLE_LOADER = "$(TEST_HOST)";
				FRAMEWORK_SEARCH_PATHS = (
					"$(SDKROOT)/Developer/Library/Frameworks",
					"$(inherited)",
				);
				INFOPLIST_FILE = CodeOnlyTests/Info.plist;
				LD_RUNPATH_SEARCH_PATHS = "$(inherited) @executable_path/Frameworks @loader_path/Frameworks";
				PRODUCT_NAME = "$(TARGET_NAME)";
				TEST_HOST = "$(BUILT_PRODUCTS_DIR)/CodeOnly.app/CodeOnly";
			};
			name = Release;
		};
/* End XCBuildConfiguration section */

/* Begin XCConfigurationList section */
		5CB2893919DA4B44006CACEA /* Build configuration list for PBXProject "CodeOnly" */ = {
			isa = XCConfigurationList;
			buildConfigurations = (
				5CB2895B19DA4B44006CACEA /* Debug */,
				5CB2895C19DA4B44006CACEA /* Release */,
			);
			defaultConfigurationIsVisible = 0;
			defaultConfigurationName = Release;
		};
		5CB2895D19DA4B44006CACEA /* Build configuration list for PBXNativeTarget "CodeOnly" */ = {
			isa = XCConfigurationList;
			buildConfigurations = (
				5CB2895E19DA4B44006CACEA /* Debug */,
				5CB2895F19DA4B44006CACEA /* Release */,
			);
			defaultConfigurationIsVisible = 0;
		};
		5CB2896019DA4B44006CACEA /* Build configuration list for PBXNativeTarget "CodeOnlyTests" */ = {
			isa = XCConfigurationList;
			buildConfigurations = (
				5CB2896119DA4B44006CACEA /* Debug */,
				5CB2896219DA4B44006CACEA /* Release */,
			);
			defaultConfigurationIsVisible = 0;
		};
/* End XCConfigurationList section */
	};
	rootObject = 5CB2893619DA4B44006CACEA /* Project object */;
}
