// !$*UTF8*$!
{
	archiveVersion = 1;
	classes = {
	};
	objectVersion = 46;
	objects = {

/* Begin PBXBuildFile section */
		5CFAD0971A128F5400D35BCF /* AppDelegate.swift in Sources */ = {isa = PBXBuildFile; fileRef = 5CFAD0961A128F5400D35BCF /* AppDelegate.swift */; };
		5CFAD0991A128F5400D35BCF /* ViewController.swift in Sources */ = {isa = PBXBuildFile; fileRef = 5CFAD0981A128F5400D35BCF /* ViewController.swift */; };
		5CFAD09C1A128F5400D35BCF /* Main.storyboard in Resources */ = {isa = PBXBuildFile; fileRef = 5CFAD09A1A128F5400D35BCF /* Main.storyboard */; };
		5CFAD09E1A128F5400D35BCF /* Images.xcassets in Resources */ = {isa = PBXBuildFile; fileRef = 5CFAD09D1A128F5400D35BCF /* Images.xcassets */; };
		5CFAD0A11A128F5400D35BCF /* LaunchScreen.xib in Resources */ = {isa = PBXBuildFile; fileRef = 5CFAD09F1A128F5400D35BCF /* LaunchScreen.xib */; };
		5CFAD0AD1A128F5400D35BCF /* MapIt2Tests.swift in Sources */ = {isa = PBXBuildFile; fileRef = 5CFAD0AC1A128F5400D35BCF /* MapIt2Tests.swift */; };
		5CFAD0B71A128F6B00D35BCF /* MapKit.framework in Frameworks */ = {isa = PBXBuildFile; fileRef = 5CFAD0B61A128F6B00D35BCF /* MapKit.framework */; };
		5CFAD0B91A12932E00D35BCF /* MapData.swift in Sources */ = {isa = PBXBuildFile; fileRef = 5CFAD0B81A12932E00D35BCF /* MapData.swift */; };
/* End PBXBuildFile section */

/* Begin PBXContainerItemProxy section */
		5CFAD0A71A128F5400D35BCF /* PBXContainerItemProxy */ = {
			isa = PBXContainerItemProxy;
			containerPortal = 5CFAD0891A128F5400D35BCF /* Project object */;
			proxyType = 1;
			remoteGlobalIDString = 5CFAD0901A128F5400D35BCF;
			remoteInfo = MapIt2;
		};
/* End PBXContainerItemProxy section */

/* Begin PBXFileReference section */
		5CFAD0911A128F5400D35BCF /* MapIt2.app */ = {isa = PBXFileReference; explicitFileType = wrapper.application; includeInIndex = 0; path = MapIt2.app; sourceTree = BUILT_PRODUCTS_DIR; };
		5CFAD0951A128F5400D35BCF /* Info.plist */ = {isa = PBXFileReference; lastKnownFileType = text.plist.xml; path = Info.plist; sourceTree = "<group>"; };
		5CFAD0961A128F5400D35BCF /* AppDelegate.swift */ = {isa = PBXFileReference; lastKnownFileType = sourcecode.swift; path = AppDelegate.swift; sourceTree = "<group>"; };
		5CFAD0981A128F5400D35BCF /* ViewController.swift */ = {isa = PBXFileReference; lastKnownFileType = sourcecode.swift; path = ViewController.swift; sourceTree = "<group>"; };
		5CFAD09B1A128F5400D35BCF /* Base */ = {isa = PBXFileReference; lastKnownFileType = file.storyboard; name = Base; path = Base.lproj/Main.storyboard; sourceTree = "<group>"; };
		5CFAD09D1A128F5400D35BCF /* Images.xcassets */ = {isa = PBXFileReference; lastKnownFileType = folder.assetcatalog; path = Images.xcassets; sourceTree = "<group>"; };
		5CFAD0A01A128F5400D35BCF /* Base */ = {isa = PBXFileReference; lastKnownFileType = file.xib; name = Base; path = Base.lproj/LaunchScreen.xib; sourceTree = "<group>"; };
		5CFAD0A61A128F5400D35BCF /* MapIt2Tests.xctest */ = {isa = PBXFileReference; explicitFileType = wrapper.cfbundle; includeInIndex = 0; path = MapIt2Tests.xctest; sourceTree = BUILT_PRODUCTS_DIR; };
		5CFAD0AB1A128F5400D35BCF /* Info.plist */ = {isa = PBXFileReference; lastKnownFileType = text.plist.xml; path = Info.plist; sourceTree = "<group>"; };
		5CFAD0AC1A128F5400D35BCF /* MapIt2Tests.swift */ = {isa = PBXFileReference; lastKnownFileType = sourcecode.swift; path = MapIt2Tests.swift; sourceTree = "<group>"; };
		5CFAD0B61A128F6B00D35BCF /* MapKit.framework */ = {isa = PBXFileReference; lastKnownFileType = wrapper.framework; name = MapKit.framework; path = System/Library/Frameworks/MapKit.framework; sourceTree = SDKROOT; };
		5CFAD0B81A12932E00D35BCF /* MapData.swift */ = {isa = PBXFileReference; fileEncoding = 4; lastKnownFileType = sourcecode.swift; name = MapData.swift; path = ../MapData.swift; sourceTree = "<group>"; };
/* End PBXFileReference section */

/* Begin PBXFrameworksBuildPhase section */
		5CFAD08E1A128F5400D35BCF /* Frameworks */ = {
			isa = PBXFrameworksBuildPhase;
			buildActionMask = 2147483647;
			files = (
				5CFAD0B71A128F6B00D35BCF /* MapKit.framework in Frameworks */,
			);
			runOnlyForDeploymentPostprocessing = 0;
		};
		5CFAD0A31A128F5400D35BCF /* Frameworks */ = {
			isa = PBXFrameworksBuildPhase;
			buildActionMask = 2147483647;
			files = (
			);
			runOnlyForDeploymentPostprocessing = 0;
		};
/* End PBXFrameworksBuildPhase section */

/* Begin PBXGroup section */
		5CFAD0881A128F5400D35BCF = {
			isa = PBXGroup;
			children = (
				5CFAD0B61A128F6B00D35BCF /* MapKit.framework */,
				5CFAD0931A128F5400D35BCF /* MapIt2 */,
				5CFAD0A91A128F5400D35BCF /* MapIt2Tests */,
				5CFAD0921A128F5400D35BCF /* Products */,
			);
			sourceTree = "<group>";
		};
		5CFAD0921A128F5400D35BCF /* Products */ = {
			isa = PBXGroup;
			children = (
				5CFAD0911A128F5400D35BCF /* MapIt2.app */,
				5CFAD0A61A128F5400D35BCF /* MapIt2Tests.xctest */,
			);
			name = Products;
			sourceTree = "<group>";
		};
		5CFAD0931A128F5400D35BCF /* MapIt2 */ = {
			isa = PBXGroup;
			children = (
				5CFAD0961A128F5400D35BCF /* AppDelegate.swift */,
				5CFAD0B81A12932E00D35BCF /* MapData.swift */,
				5CFAD0981A128F5400D35BCF /* ViewController.swift */,
				5CFAD09A1A128F5400D35BCF /* Main.storyboard */,
				5CFAD09D1A128F5400D35BCF /* Images.xcassets */,
				5CFAD09F1A128F5400D35BCF /* LaunchScreen.xib */,
				5CFAD0941A128F5400D35BCF /* Supporting Files */,
			);
			path = MapIt2;
			sourceTree = "<group>";
		};
		5CFAD0941A128F5400D35BCF /* Supporting Files */ = {
			isa = PBXGroup;
			children = (
				5CFAD0951A128F5400D35BCF /* Info.plist */,
			);
			name = "Supporting Files";
			sourceTree = "<group>";
		};
		5CFAD0A91A128F5400D35BCF /* MapIt2Tests */ = {
			isa = PBXGroup;
			children = (
				5CFAD0AC1A128F5400D35BCF /* MapIt2Tests.swift */,
				5CFAD0AA1A128F5400D35BCF /* Supporting Files */,
			);
			path = MapIt2Tests;
			sourceTree = "<group>";
		};
		5CFAD0AA1A128F5400D35BCF /* Supporting Files */ = {
			isa = PBXGroup;
			children = (
				5CFAD0AB1A128F5400D35BCF /* Info.plist */,
			);
			name = "Supporting Files";
			sourceTree = "<group>";
		};
/* End PBXGroup section */

/* Begin PBXNativeTarget section */
		5CFAD0901A128F5400D35BCF /* MapIt2 */ = {
			isa = PBXNativeTarget;
			buildConfigurationList = 5CFAD0B01A128F5400D35BCF /* Build configuration list for PBXNativeTarget "MapIt2" */;
			buildPhases = (
				5CFAD08D1A128F5400D35BCF /* Sources */,
				5CFAD08E1A128F5400D35BCF /* Frameworks */,
				5CFAD08F1A128F5400D35BCF /* Resources */,
			);
			buildRules = (
			);
			dependencies = (
			);
			name = MapIt2;
			productName = MapIt2;
			productReference = 5CFAD0911A128F5400D35BCF /* MapIt2.app */;
			productType = "com.apple.product-type.application";
		};
		5CFAD0A51A128F5400D35BCF /* MapIt2Tests */ = {
			isa = PBXNativeTarget;
			buildConfigurationList = 5CFAD0B31A128F5400D35BCF /* Build configuration list for PBXNativeTarget "MapIt2Tests" */;
			buildPhases = (
				5CFAD0A21A128F5400D35BCF /* Sources */,
				5CFAD0A31A128F5400D35BCF /* Frameworks */,
				5CFAD0A41A128F5400D35BCF /* Resources */,
			);
			buildRules = (
			);
			dependencies = (
				5CFAD0A81A128F5400D35BCF /* PBXTargetDependency */,
			);
			name = MapIt2Tests;
			productName = MapIt2Tests;
			productReference = 5CFAD0A61A128F5400D35BCF /* MapIt2Tests.xctest */;
			productType = "com.apple.product-type.bundle.unit-test";
		};
/* End PBXNativeTarget section */

/* Begin PBXProject section */
		5CFAD0891A128F5400D35BCF /* Project object */ = {
			isa = PBXProject;
			attributes = {
				LastUpgradeCheck = 0610;
				ORGANIZATIONNAME = "Madison DeHart";
				TargetAttributes = {
					5CFAD0901A128F5400D35BCF = {
						CreatedOnToolsVersion = 6.1;
					};
					5CFAD0A51A128F5400D35BCF = {
						CreatedOnToolsVersion = 6.1;
						TestTargetID = 5CFAD0901A128F5400D35BCF;
					};
				};
			};
			buildConfigurationList = 5CFAD08C1A128F5400D35BCF /* Build configuration list for PBXProject "MapIt2" */;
			compatibilityVersion = "Xcode 3.2";
			developmentRegion = English;
			hasScannedForEncodings = 0;
			knownRegions = (
				en,
				Base,
			);
			mainGroup = 5CFAD0881A128F5400D35BCF;
			productRefGroup = 5CFAD0921A128F5400D35BCF /* Products */;
			projectDirPath = "";
			projectRoot = "";
			targets = (
				5CFAD0901A128F5400D35BCF /* MapIt2 */,
				5CFAD0A51A128F5400D35BCF /* MapIt2Tests */,
			);
		};
/* End PBXProject section */

/* Begin PBXResourcesBuildPhase section */
		5CFAD08F1A128F5400D35BCF /* Resources */ = {
			isa = PBXResourcesBuildPhase;
			buildActionMask = 2147483647;
			files = (
				5CFAD09C1A128F5400D35BCF /* Main.storyboard in Resources */,
				5CFAD0A11A128F5400D35BCF /* LaunchScreen.xib in Resources */,
				5CFAD09E1A128F5400D35BCF /* Images.xcassets in Resources */,
			);
			runOnlyForDeploymentPostprocessing = 0;
		};
		5CFAD0A41A128F5400D35BCF /* Resources */ = {
			isa = PBXResourcesBuildPhase;
			buildActionMask = 2147483647;
			files = (
			);
			runOnlyForDeploymentPostprocessing = 0;
		};
/* End PBXResourcesBuildPhase section */

/* Begin PBXSourcesBuildPhase section */
		5CFAD08D1A128F5400D35BCF /* Sources */ = {
			isa = PBXSourcesBuildPhase;
			buildActionMask = 2147483647;
			files = (
				5CFAD0991A128F5400D35BCF /* ViewController.swift in Sources */,
				5CFAD0B91A12932E00D35BCF /* MapData.swift in Sources */,
				5CFAD0971A128F5400D35BCF /* AppDelegate.swift in Sources */,
			);
			runOnlyForDeploymentPostprocessing = 0;
		};
		5CFAD0A21A128F5400D35BCF /* Sources */ = {
			isa = PBXSourcesBuildPhase;
			buildActionMask = 2147483647;
			files = (
				5CFAD0AD1A128F5400D35BCF /* MapIt2Tests.swift in Sources */,
			);
			runOnlyForDeploymentPostprocessing = 0;
		};
/* End PBXSourcesBuildPhase section */

/* Begin PBXTargetDependency section */
		5CFAD0A81A128F5400D35BCF /* PBXTargetDependency */ = {
			isa = PBXTargetDependency;
			target = 5CFAD0901A128F5400D35BCF /* MapIt2 */;
			targetProxy = 5CFAD0A71A128F5400D35BCF /* PBXContainerItemProxy */;
		};
/* End PBXTargetDependency section */

/* Begin PBXVariantGroup section */
		5CFAD09A1A128F5400D35BCF /* Main.storyboard */ = {
			isa = PBXVariantGroup;
			children = (
				5CFAD09B1A128F5400D35BCF /* Base */,
			);
			name = Main.storyboard;
			sourceTree = "<group>";
		};
		5CFAD09F1A128F5400D35BCF /* LaunchScreen.xib */ = {
			isa = PBXVariantGroup;
			children = (
				5CFAD0A01A128F5400D35BCF /* Base */,
			);
			name = LaunchScreen.xib;
			sourceTree = "<group>";
		};
/* End PBXVariantGroup section */

/* Begin XCBuildConfiguration section */
		5CFAD0AE1A128F5400D35BCF /* Debug */ = {
			isa = XCBuildConfiguration;
			buildSettings = {
				ALWAYS_SEARCH_USER_PATHS = NO;
				CLANG_CXX_LANGUAGE_STANDARD = "gnu++0x";
				CLANG_CXX_LIBRARY = "libc++";
				CLANG_ENABLE_MODULES = YES;
				CLANG_ENABLE_OBJC_ARC = YES;
				CLANG_WARN_BOOL_CONVERSION = YES;
				CLANG_WARN_CONSTANT_CONVERSION = YES;
				CLANG_WARN_DIRECT_OBJC_ISA_USAGE = YES_ERROR;
				CLANG_WARN_EMPTY_BODY = YES;
				CLANG_WARN_ENUM_CONVERSION = YES;
				CLANG_WARN_INT_CONVERSION = YES;
				CLANG_WARN_OBJC_ROOT_CLASS = YES_ERROR;
				CLANG_WARN_UNREACHABLE_CODE = YES;
				CLANG_WARN__DUPLICATE_METHOD_MATCH = YES;
				"CODE_SIGN_IDENTITY[sdk=iphoneos*]" = "iPhone Developer";
				COPY_PHASE_STRIP = NO;
				ENABLE_STRICT_OBJC_MSGSEND = YES;
				GCC_C_LANGUAGE_STANDARD = gnu99;
				GCC_DYNAMIC_NO_PIC = NO;
				GCC_OPTIMIZATION_LEVEL = 0;
				GCC_PREPROCESSOR_DEFINITIONS = (
					"DEBUG=1",
					"$(inherited)",
				);
				GCC_SYMBOLS_PRIVATE_EXTERN = NO;
				GCC_WARN_64_TO_32_BIT_CONVERSION = YES;
				GCC_WARN_ABOUT_RETURN_TYPE = YES_ERROR;
				GCC_WARN_UNDECLARED_SELECTOR = YES;
				GCC_WARN_UNINITIALIZED_AUTOS = YES_AGGRESSIVE;
				GCC_WARN_UNUSED_FUNCTION = YES;
				GCC_WARN_UNUSED_VARIABLE = YES;
				IPHONEOS_DEPLOYMENT_TARGET = 8.1;
				MTL_ENABLE_DEBUG_INFO = YES;
				ONLY_ACTIVE_ARCH = YES;
				SDKROOT = iphoneos;
				SWIFT_OPTIMIZATION_LEVEL = "-Onone";
			};
			name = Debug;
		};
		5CFAD0AF1A128F5400D35BCF /* Release */ = {
			isa = XCBuildConfiguration;
			buildSettings = {
				ALWAYS_SEARCH_USER_PATHS = NO;
				CLANG_CXX_LANGUAGE_STANDARD = "gnu++0x";
				CLANG_CXX_LIBRARY = "libc++";
				CLANG_ENABLE_MODULES = YES;
				CLANG_ENABLE_OBJC_ARC = YES;
				CLANG_WARN_BOOL_CONVERSION = YES;
				CLANG_WARN_CONSTANT_CONVERSION = YES;
				CLANG_WARN_DIRECT_OBJC_ISA_USAGE = YES_ERROR;
				CLANG_WARN_EMPTY_BODY = YES;
				CLANG_WARN_ENUM_CONVERSION = YES;
				CLANG_WARN_INT_CONVERSION = YES;
				CLANG_WARN_OBJC_ROOT_CLASS = YES_ERROR;
				CLANG_WARN_UNREACHABLE_CODE = YES;
				CLANG_WARN__DUPLICATE_METHOD_MATCH = YES;
				"CODE_SIGN_IDENTITY[sdk=iphoneos*]" = "iPhone Developer";
				COPY_PHASE_STRIP = YES;
				ENABLE_NS_ASSERTIONS = NO;
				ENABLE_STRICT_OBJC_MSGSEND = YES;
				GCC_C_LANGUAGE_STANDARD = gnu99;
				GCC_WARN_64_TO_32_BIT_CONVERSION = YES;
				GCC_WARN_ABOUT_RETURN_TYPE = YES_ERROR;
				GCC_WARN_UNDECLARED_SELECTOR = YES;
				GCC_WARN_UNINITIALIZED_AUTOS = YES_AGGRESSIVE;
				GCC_WARN_UNUSED_FUNCTION = YES;
				GCC_WARN_UNUSED_VARIABLE = YES;
				IPHONEOS_DEPLOYMENT_TARGET = 8.1;
				MTL_ENABLE_DEBUG_INFO = NO;
				SDKROOT = iphoneos;
				VALIDATE_PRODUCT = YES;
			};
			name = Release;
		};
		5CFAD0B11A128F5400D35BCF /* Debug */ = {
			isa = XCBuildConfiguration;
			buildSettings = {
				ASSETCATALOG_COMPILER_APPICON_NAME = AppIcon;
				INFOPLIST_FILE = MapIt2/Info.plist;
				LD_RUNPATH_SEARCH_PATHS = "$(inherited) @executable_path/Frameworks";
				PRODUCT_NAME = "$(TARGET_NAME)";
			};
			name = Debug;
		};
		5CFAD0B21A128F5400D35BCF /* Release */ = {
			isa = XCBuildConfiguration;
			buildSettings = {
				ASSETCATALOG_COMPILER_APPICON_NAME = AppIcon;
				INFOPLIST_FILE = MapIt2/Info.plist;
				LD_RUNPATH_SEARCH_PATHS = "$(inherited) @executable_path/Frameworks";
				PRODUCT_NAME = "$(TARGET_NAME)";
			};
			name = Release;
		};
		5CFAD0B41A128F5400D35BCF /* Debug */ = {
			isa = XCBuildConfiguration;
			buildSettings = {
				BUNDLE_LOADER = "$(TEST_HOST)";
				FRAMEWORK_SEARCH_PATHS = (
					"$(SDKROOT)/Developer/Library/Frameworks",
					"$(inherited)",
				);
				GCC_PREPROCESSOR_DEFINITIONS = (
					"DEBUG=1",
					"$(inherited)",
				);
				INFOPLIST_FILE = MapIt2Tests/Info.plist;
				LD_RUNPATH_SEARCH_PATHS = "$(inherited) @executable_path/Frameworks @loader_path/Frameworks";
				PRODUCT_NAME = "$(TARGET_NAME)";
				TEST_HOST = "$(BUILT_PRODUCTS_DIR)/MapIt2.app/MapIt2";
			};
			name = Debug;
		};
		5CFAD0B51A128F5400D35BCF /* Release */ = {
			isa = XCBuildConfiguration;
			buildSettings = {
				BUNDLE_LOADER = "$(TEST_HOST)";
				FRAMEWORK_SEARCH_PATHS = (
					"$(SDKROOT)/Developer/Library/Frameworks",
					"$(inherited)",
				);
				INFOPLIST_FILE = MapIt2Tests/Info.plist;
				LD_RUNPATH_SEARCH_PATHS = "$(inherited) @executable_path/Frameworks @loader_path/Frameworks";
				PRODUCT_NAME = "$(TARGET_NAME)";
				TEST_HOST = "$(BUILT_PRODUCTS_DIR)/MapIt2.app/MapIt2";
			};
			name = Release;
		};
/* End XCBuildConfiguration section */

/* Begin XCConfigurationList section */
		5CFAD08C1A128F5400D35BCF /* Build configuration list for PBXProject "MapIt2" */ = {
			isa = XCConfigurationList;
			buildConfigurations = (
				5CFAD0AE1A128F5400D35BCF /* Debug */,
				5CFAD0AF1A128F5400D35BCF /* Release */,
			);
			defaultConfigurationIsVisible = 0;
			defaultConfigurationName = Release;
		};
		5CFAD0B01A128F5400D35BCF /* Build configuration list for PBXNativeTarget "MapIt2" */ = {
			isa = XCConfigurationList;
			buildConfigurations = (
				5CFAD0B11A128F5400D35BCF /* Debug */,
				5CFAD0B21A128F5400D35BCF /* Release */,
			);
			defaultConfigurationIsVisible = 0;
		};
		5CFAD0B31A128F5400D35BCF /* Build configuration list for PBXNativeTarget "MapIt2Tests" */ = {
			isa = XCConfigurationList;
			buildConfigurations = (
				5CFAD0B41A128F5400D35BCF /* Debug */,
				5CFAD0B51A128F5400D35BCF /* Release */,
			);
			defaultConfigurationIsVisible = 0;
		};
/* End XCConfigurationList section */
	};
	rootObject = 5CFAD0891A128F5400D35BCF /* Project object */;
}
