// !$*UTF8*$!
{
	archiveVersion = 1;
	classes = {
	};
	objectVersion = 46;
	objects = {

/* Begin PBXBuildFile section */
		5C78287D1A0C372900A26F43 /* AppDelegate.swift in Sources */ = {isa = PBXBuildFile; fileRef = 5C78287C1A0C372900A26F43 /* AppDelegate.swift */; };
		5C78287F1A0C372900A26F43 /* ViewController.swift in Sources */ = {isa = PBXBuildFile; fileRef = 5C78287E1A0C372900A26F43 /* ViewController.swift */; };
		5C7828821A0C372900A26F43 /* Main.storyboard in Resources */ = {isa = PBXBuildFile; fileRef = 5C7828801A0C372900A26F43 /* Main.storyboard */; };
		5C7828841A0C372900A26F43 /* Images.xcassets in Resources */ = {isa = PBXBuildFile; fileRef = 5C7828831A0C372900A26F43 /* Images.xcassets */; };
		5C7828871A0C372900A26F43 /* LaunchScreen.xib in Resources */ = {isa = PBXBuildFile; fileRef = 5C7828851A0C372900A26F43 /* LaunchScreen.xib */; };
		5C7828931A0C372900A26F43 /* PageBasedAppTests.swift in Sources */ = {isa = PBXBuildFile; fileRef = 5C7828921A0C372900A26F43 /* PageBasedAppTests.swift */; };
		5C78289D1A0C380D00A26F43 /* DayViewController.swift in Sources */ = {isa = PBXBuildFile; fileRef = 5C78289C1A0C380D00A26F43 /* DayViewController.swift */; };
		5C78289F1A0C381C00A26F43 /* WeekViewController.swift in Sources */ = {isa = PBXBuildFile; fileRef = 5C78289E1A0C381C00A26F43 /* WeekViewController.swift */; };
		5C7828A21A0C383E00A26F43 /* MonthViewController.swift in Sources */ = {isa = PBXBuildFile; fileRef = 5C7828A11A0C383E00A26F43 /* MonthViewController.swift */; };
		5C7828A41A0C384A00A26F43 /* YearViewController.swift in Sources */ = {isa = PBXBuildFile; fileRef = 5C7828A31A0C384A00A26F43 /* YearViewController.swift */; };
/* End PBXBuildFile section */

/* Begin PBXContainerItemProxy section */
		5C78288D1A0C372900A26F43 /* PBXContainerItemProxy */ = {
			isa = PBXContainerItemProxy;
			containerPortal = 5C78286F1A0C372900A26F43 /* Project object */;
			proxyType = 1;
			remoteGlobalIDString = 5C7828761A0C372900A26F43;
			remoteInfo = PageBasedApp;
		};
/* End PBXContainerItemProxy section */

/* Begin PBXFileReference section */
		5C7828771A0C372900A26F43 /* PageBasedApp.app */ = {isa = PBXFileReference; explicitFileType = wrapper.application; includeInIndex = 0; path = PageBasedApp.app; sourceTree = BUILT_PRODUCTS_DIR; };
		5C78287B1A0C372900A26F43 /* Info.plist */ = {isa = PBXFileReference; lastKnownFileType = text.plist.xml; path = Info.plist; sourceTree = "<group>"; };
		5C78287C1A0C372900A26F43 /* AppDelegate.swift */ = {isa = PBXFileReference; lastKnownFileType = sourcecode.swift; path = AppDelegate.swift; sourceTree = "<group>"; };
		5C78287E1A0C372900A26F43 /* ViewController.swift */ = {isa = PBXFileReference; lastKnownFileType = sourcecode.swift; path = ViewController.swift; sourceTree = "<group>"; };
		5C7828811A0C372900A26F43 /* Base */ = {isa = PBXFileReference; lastKnownFileType = file.storyboard; name = Base; path = Base.lproj/Main.storyboard; sourceTree = "<group>"; };
		5C7828831A0C372900A26F43 /* Images.xcassets */ = {isa = PBXFileReference; lastKnownFileType = folder.assetcatalog; path = Images.xcassets; sourceTree = "<group>"; };
		5C7828861A0C372900A26F43 /* Base */ = {isa = PBXFileReference; lastKnownFileType = file.xib; name = Base; path = Base.lproj/LaunchScreen.xib; sourceTree = "<group>"; };
		5C78288C1A0C372900A26F43 /* PageBasedAppTests.xctest */ = {isa = PBXFileReference; explicitFileType = wrapper.cfbundle; includeInIndex = 0; path = PageBasedAppTests.xctest; sourceTree = BUILT_PRODUCTS_DIR; };
		5C7828911A0C372900A26F43 /* Info.plist */ = {isa = PBXFileReference; lastKnownFileType = text.plist.xml; path = Info.plist; sourceTree = "<group>"; };
		5C7828921A0C372900A26F43 /* PageBasedAppTests.swift */ = {isa = PBXFileReference; lastKnownFileType = sourcecode.swift; path = PageBasedAppTests.swift; sourceTree = "<group>"; };
		5C78289C1A0C380D00A26F43 /* DayViewController.swift */ = {isa = PBXFileReference; fileEncoding = 4; lastKnownFileType = sourcecode.swift; path = DayViewController.swift; sourceTree = "<group>"; };
		5C78289E1A0C381C00A26F43 /* WeekViewController.swift */ = {isa = PBXFileReference; fileEncoding = 4; lastKnownFileType = sourcecode.swift; name = WeekViewController.swift; path = ../WeekViewController.swift; sourceTree = "<group>"; };
		5C7828A11A0C383E00A26F43 /* MonthViewController.swift */ = {isa = PBXFileReference; fileEncoding = 4; lastKnownFileType = sourcecode.swift; path = MonthViewController.swift; sourceTree = "<group>"; };
		5C7828A31A0C384A00A26F43 /* YearViewController.swift */ = {isa = PBXFileReference; fileEncoding = 4; lastKnownFileType = sourcecode.swift; path = YearViewController.swift; sourceTree = "<group>"; };
/* End PBXFileReference section */

/* Begin PBXFrameworksBuildPhase section */
		5C7828741A0C372900A26F43 /* Frameworks */ = {
			isa = PBXFrameworksBuildPhase;
			buildActionMask = 2147483647;
			files = (
			);
			runOnlyForDeploymentPostprocessing = 0;
		};
		5C7828891A0C372900A26F43 /* Frameworks */ = {
			isa = PBXFrameworksBuildPhase;
			buildActionMask = 2147483647;
			files = (
			);
			runOnlyForDeploymentPostprocessing = 0;
		};
/* End PBXFrameworksBuildPhase section */

/* Begin PBXGroup section */
		5C78286E1A0C372900A26F43 = {
			isa = PBXGroup;
			children = (
				5C7828791A0C372900A26F43 /* PageBasedApp */,
				5C78288F1A0C372900A26F43 /* PageBasedAppTests */,
				5C7828781A0C372900A26F43 /* Products */,
			);
			sourceTree = "<group>";
		};
		5C7828781A0C372900A26F43 /* Products */ = {
			isa = PBXGroup;
			children = (
				5C7828771A0C372900A26F43 /* PageBasedApp.app */,
				5C78288C1A0C372900A26F43 /* PageBasedAppTests.xctest */,
			);
			name = Products;
			sourceTree = "<group>";
		};
		5C7828791A0C372900A26F43 /* PageBasedApp */ = {
			isa = PBXGroup;
			children = (
				5C7828A11A0C383E00A26F43 /* MonthViewController.swift */,
				5C7828A31A0C384A00A26F43 /* YearViewController.swift */,
				5C78289C1A0C380D00A26F43 /* DayViewController.swift */,
				5C78289E1A0C381C00A26F43 /* WeekViewController.swift */,
				5C78287C1A0C372900A26F43 /* AppDelegate.swift */,
				5C78287E1A0C372900A26F43 /* ViewController.swift */,
				5C7828801A0C372900A26F43 /* Main.storyboard */,
				5C7828831A0C372900A26F43 /* Images.xcassets */,
				5C7828851A0C372900A26F43 /* LaunchScreen.xib */,
				5C78287A1A0C372900A26F43 /* Supporting Files */,
			);
			path = PageBasedApp;
			sourceTree = "<group>";
		};
		5C78287A1A0C372900A26F43 /* Supporting Files */ = {
			isa = PBXGroup;
			children = (
				5C78287B1A0C372900A26F43 /* Info.plist */,
			);
			name = "Supporting Files";
			sourceTree = "<group>";
		};
		5C78288F1A0C372900A26F43 /* PageBasedAppTests */ = {
			isa = PBXGroup;
			children = (
				5C7828921A0C372900A26F43 /* PageBasedAppTests.swift */,
				5C7828901A0C372900A26F43 /* Supporting Files */,
			);
			path = PageBasedAppTests;
			sourceTree = "<group>";
		};
		5C7828901A0C372900A26F43 /* Supporting Files */ = {
			isa = PBXGroup;
			children = (
				5C7828911A0C372900A26F43 /* Info.plist */,
			);
			name = "Supporting Files";
			sourceTree = "<group>";
		};
/* End PBXGroup section */

/* Begin PBXNativeTarget section */
		5C7828761A0C372900A26F43 /* PageBasedApp */ = {
			isa = PBXNativeTarget;
			buildConfigurationList = 5C7828961A0C372900A26F43 /* Build configuration list for PBXNativeTarget "PageBasedApp" */;
			buildPhases = (
				5C7828731A0C372900A26F43 /* Sources */,
				5C7828741A0C372900A26F43 /* Frameworks */,
				5C7828751A0C372900A26F43 /* Resources */,
			);
			buildRules = (
			);
			dependencies = (
			);
			name = PageBasedApp;
			productName = PageBasedApp;
			productReference = 5C7828771A0C372900A26F43 /* PageBasedApp.app */;
			productType = "com.apple.product-type.application";
		};
		5C78288B1A0C372900A26F43 /* PageBasedAppTests */ = {
			isa = PBXNativeTarget;
			buildConfigurationList = 5C7828991A0C372900A26F43 /* Build configuration list for PBXNativeTarget "PageBasedAppTests" */;
			buildPhases = (
				5C7828881A0C372900A26F43 /* Sources */,
				5C7828891A0C372900A26F43 /* Frameworks */,
				5C78288A1A0C372900A26F43 /* Resources */,
			);
			buildRules = (
			);
			dependencies = (
				5C78288E1A0C372900A26F43 /* PBXTargetDependency */,
			);
			name = PageBasedAppTests;
			productName = PageBasedAppTests;
			productReference = 5C78288C1A0C372900A26F43 /* PageBasedAppTests.xctest */;
			productType = "com.apple.product-type.bundle.unit-test";
		};
/* End PBXNativeTarget section */

/* Begin PBXProject section */
		5C78286F1A0C372900A26F43 /* Project object */ = {
			isa = PBXProject;
			attributes = {
				LastUpgradeCheck = 0610;
				ORGANIZATIONNAME = "Madison DeHart";
				TargetAttributes = {
					5C7828761A0C372900A26F43 = {
						CreatedOnToolsVersion = 6.1;
					};
					5C78288B1A0C372900A26F43 = {
						CreatedOnToolsVersion = 6.1;
						TestTargetID = 5C7828761A0C372900A26F43;
					};
				};
			};
			buildConfigurationList = 5C7828721A0C372900A26F43 /* Build configuration list for PBXProject "PageBasedApp" */;
			compatibilityVersion = "Xcode 3.2";
			developmentRegion = English;
			hasScannedForEncodings = 0;
			knownRegions = (
				en,
				Base,
			);
			mainGroup = 5C78286E1A0C372900A26F43;
			productRefGroup = 5C7828781A0C372900A26F43 /* Products */;
			projectDirPath = "";
			projectRoot = "";
			targets = (
				5C7828761A0C372900A26F43 /* PageBasedApp */,
				5C78288B1A0C372900A26F43 /* PageBasedAppTests */,
			);
		};
/* End PBXProject section */

/* Begin PBXResourcesBuildPhase section */
		5C7828751A0C372900A26F43 /* Resources */ = {
			isa = PBXResourcesBuildPhase;
			buildActionMask = 2147483647;
			files = (
				5C7828821A0C372900A26F43 /* Main.storyboard in Resources */,
				5C7828871A0C372900A26F43 /* LaunchScreen.xib in Resources */,
				5C7828841A0C372900A26F43 /* Images.xcassets in Resources */,
			);
			runOnlyForDeploymentPostprocessing = 0;
		};
		5C78288A1A0C372900A26F43 /* Resources */ = {
			isa = PBXResourcesBuildPhase;
			buildActionMask = 2147483647;
			files = (
			);
			runOnlyForDeploymentPostprocessing = 0;
		};
/* End PBXResourcesBuildPhase section */

/* Begin PBXSourcesBuildPhase section */
		5C7828731A0C372900A26F43 /* Sources */ = {
			isa = PBXSourcesBuildPhase;
			buildActionMask = 2147483647;
			files = (
				5C78287F1A0C372900A26F43 /* ViewController.swift in Sources */,
				5C7828A41A0C384A00A26F43 /* YearViewController.swift in Sources */,
				5C7828A21A0C383E00A26F43 /* MonthViewController.swift in Sources */,
				5C78287D1A0C372900A26F43 /* AppDelegate.swift in Sources */,
				5C78289F1A0C381C00A26F43 /* WeekViewController.swift in Sources */,
				5C78289D1A0C380D00A26F43 /* DayViewController.swift in Sources */,
			);
			runOnlyForDeploymentPostprocessing = 0;
		};
		5C7828881A0C372900A26F43 /* Sources */ = {
			isa = PBXSourcesBuildPhase;
			buildActionMask = 2147483647;
			files = (
				5C7828931A0C372900A26F43 /* PageBasedAppTests.swift in Sources */,
			);
			runOnlyForDeploymentPostprocessing = 0;
		};
/* End PBXSourcesBuildPhase section */

/* Begin PBXTargetDependency section */
		5C78288E1A0C372900A26F43 /* PBXTargetDependency */ = {
			isa = PBXTargetDependency;
			target = 5C7828761A0C372900A26F43 /* PageBasedApp */;
			targetProxy = 5C78288D1A0C372900A26F43 /* PBXContainerItemProxy */;
		};
/* End PBXTargetDependency section */

/* Begin PBXVariantGroup section */
		5C7828801A0C372900A26F43 /* Main.storyboard */ = {
			isa = PBXVariantGroup;
			children = (
				5C7828811A0C372900A26F43 /* Base */,
			);
			name = Main.storyboard;
			sourceTree = "<group>";
		};
		5C7828851A0C372900A26F43 /* LaunchScreen.xib */ = {
			isa = PBXVariantGroup;
			children = (
				5C7828861A0C372900A26F43 /* Base */,
			);
			name = LaunchScreen.xib;
			sourceTree = "<group>";
		};
/* End PBXVariantGroup section */

/* Begin XCBuildConfiguration section */
		5C7828941A0C372900A26F43 /* Debug */ = {
			isa = XCBuildConfiguration;
			buildSettings = {
				ALWAYS_SEARCH_USER_PATHS = NO;
				CLANG_CXX_LANGUAGE_STANDARD = "gnu++0x";
				CLANG_CXX_LIBRARY = "libc++";
				CLANG_ENABLE_MODULES = YES;
				CLANG_ENABLE_OBJC_ARC = YES;
				CLANG_WARN_BOOL_CONVERSION = YES;
				CLANG_WARN_CONSTANT_CONVERSION = YES;
				CLANG_WARN_DIRECT_OBJC_ISA_USAGE = YES_ERROR;
				CLANG_WARN_EMPTY_BODY = YES;
				CLANG_WARN_ENUM_CONVERSION = YES;
				CLANG_WARN_INT_CONVERSION = YES;
				CLANG_WARN_OBJC_ROOT_CLASS = YES_ERROR;
				CLANG_WARN_UNREACHABLE_CODE = YES;
				CLANG_WARN__DUPLICATE_METHOD_MATCH = YES;
				"CODE_SIGN_IDENTITY[sdk=iphoneos*]" = "iPhone Developer";
				COPY_PHASE_STRIP = NO;
				ENABLE_STRICT_OBJC_MSGSEND = YES;
				GCC_C_LANGUAGE_STANDARD = gnu99;
				GCC_DYNAMIC_NO_PIC = NO;
				GCC_OPTIMIZATION_LEVEL = 0;
				GCC_PREPROCESSOR_DEFINITIONS = (
					"DEBUG=1",
					"$(inherited)",
				);
				GCC_SYMBOLS_PRIVATE_EXTERN = NO;
				GCC_WARN_64_TO_32_BIT_CONVERSION = YES;
				GCC_WARN_ABOUT_RETURN_TYPE = YES_ERROR;
				GCC_WARN_UNDECLARED_SELECTOR = YES;
				GCC_WARN_UNINITIALIZED_AUTOS = YES_AGGRESSIVE;
				GCC_WARN_UNUSED_FUNCTION = YES;
				GCC_WARN_UNUSED_VARIABLE = YES;
				IPHONEOS_DEPLOYMENT_TARGET = 8.1;
				MTL_ENABLE_DEBUG_INFO = YES;
				ONLY_ACTIVE_ARCH = YES;
				SDKROOT = iphoneos;
				SWIFT_OPTIMIZATION_LEVEL = "-Onone";
			};
			name = Debug;
		};
		5C7828951A0C372900A26F43 /* Release */ = {
			isa = XCBuildConfiguration;
			buildSettings = {
				ALWAYS_SEARCH_USER_PATHS = NO;
				CLANG_CXX_LANGUAGE_STANDARD = "gnu++0x";
				CLANG_CXX_LIBRARY = "libc++";
				CLANG_ENABLE_MODULES = YES;
				CLANG_ENABLE_OBJC_ARC = YES;
				CLANG_WARN_BOOL_CONVERSION = YES;
				CLANG_WARN_CONSTANT_CONVERSION = YES;
				CLANG_WARN_DIRECT_OBJC_ISA_USAGE = YES_ERROR;
				CLANG_WARN_EMPTY_BODY = YES;
				CLANG_WARN_ENUM_CONVERSION = YES;
				CLANG_WARN_INT_CONVERSION = YES;
				CLANG_WARN_OBJC_ROOT_CLASS = YES_ERROR;
				CLANG_WARN_UNREACHABLE_CODE = YES;
				CLANG_WARN__DUPLICATE_METHOD_MATCH = YES;
				"CODE_SIGN_IDENTITY[sdk=iphoneos*]" = "iPhone Developer";
				COPY_PHASE_STRIP = YES;
				ENABLE_NS_ASSERTIONS = NO;
				ENABLE_STRICT_OBJC_MSGSEND = YES;
				GCC_C_LANGUAGE_STANDARD = gnu99;
				GCC_WARN_64_TO_32_BIT_CONVERSION = YES;
				GCC_WARN_ABOUT_RETURN_TYPE = YES_ERROR;
				GCC_WARN_UNDECLARED_SELECTOR = YES;
				GCC_WARN_UNINITIALIZED_AUTOS = YES_AGGRESSIVE;
				GCC_WARN_UNUSED_FUNCTION = YES;
				GCC_WARN_UNUSED_VARIABLE = YES;
				IPHONEOS_DEPLOYMENT_TARGET = 8.1;
				MTL_ENABLE_DEBUG_INFO = NO;
				SDKROOT = iphoneos;
				VALIDATE_PRODUCT = YES;
			};
			name = Release;
		};
		5C7828971A0C372900A26F43 /* Debug */ = {
			isa = XCBuildConfiguration;
			buildSettings = {
				ASSETCATALOG_COMPILER_APPICON_NAME = AppIcon;
				INFOPLIST_FILE = PageBasedApp/Info.plist;
				LD_RUNPATH_SEARCH_PATHS = "$(inherited) @executable_path/Frameworks";
				PRODUCT_NAME = "$(TARGET_NAME)";
			};
			name = Debug;
		};
		5C7828981A0C372900A26F43 /* Release */ = {
			isa = XCBuildConfiguration;
			buildSettings = {
				ASSETCATALOG_COMPILER_APPICON_NAME = AppIcon;
				INFOPLIST_FILE = PageBasedApp/Info.plist;
				LD_RUNPATH_SEARCH_PATHS = "$(inherited) @executable_path/Frameworks";
				PRODUCT_NAME = "$(TARGET_NAME)";
			};
			name = Release;
		};
		5C78289A1A0C372900A26F43 /* Debug */ = {
			isa = XCBuildConfiguration;
			buildSettings = {
				BUNDLE_LOADER = "$(TEST_HOST)";
				FRAMEWORK_SEARCH_PATHS = (
					"$(SDKROOT)/Developer/Library/Frameworks",
					"$(inherited)",
				);
				GCC_PREPROCESSOR_DEFINITIONS = (
					"DEBUG=1",
					"$(inherited)",
				);
				INFOPLIST_FILE = PageBasedAppTests/Info.plist;
				LD_RUNPATH_SEARCH_PATHS = "$(inherited) @executable_path/Frameworks @loader_path/Frameworks";
				PRODUCT_NAME = "$(TARGET_NAME)";
				TEST_HOST = "$(BUILT_PRODUCTS_DIR)/PageBasedApp.app/PageBasedApp";
			};
			name = Debug;
		};
		5C78289B1A0C372900A26F43 /* Release */ = {
			isa = XCBuildConfiguration;
			buildSettings = {
				BUNDLE_LOADER = "$(TEST_HOST)";
				FRAMEWORK_SEARCH_PATHS = (
					"$(SDKROOT)/Developer/Library/Frameworks",
					"$(inherited)",
				);
				INFOPLIST_FILE = PageBasedAppTests/Info.plist;
				LD_RUNPATH_SEARCH_PATHS = "$(inherited) @executable_path/Frameworks @loader_path/Frameworks";
				PRODUCT_NAME = "$(TARGET_NAME)";
				TEST_HOST = "$(BUILT_PRODUCTS_DIR)/PageBasedApp.app/PageBasedApp";
			};
			name = Release;
		};
/* End XCBuildConfiguration section */

/* Begin XCConfigurationList section */
		5C7828721A0C372900A26F43 /* Build configuration list for PBXProject "PageBasedApp" */ = {
			isa = XCConfigurationList;
			buildConfigurations = (
				5C7828941A0C372900A26F43 /* Debug */,
				5C7828951A0C372900A26F43 /* Release */,
			);
			defaultConfigurationIsVisible = 0;
			defaultConfigurationName = Release;
		};
		5C7828961A0C372900A26F43 /* Build configuration list for PBXNativeTarget "PageBasedApp" */ = {
			isa = XCConfigurationList;
			buildConfigurations = (
				5C7828971A0C372900A26F43 /* Debug */,
				5C7828981A0C372900A26F43 /* Release */,
			);
			defaultConfigurationIsVisible = 0;
		};
		5C7828991A0C372900A26F43 /* Build configuration list for PBXNativeTarget "PageBasedAppTests" */ = {
			isa = XCConfigurationList;
			buildConfigurations = (
				5C78289A1A0C372900A26F43 /* Debug */,
				5C78289B1A0C372900A26F43 /* Release */,
			);
			defaultConfigurationIsVisible = 0;
		};
/* End XCConfigurationList section */
	};
	rootObject = 5C78286F1A0C372900A26F43 /* Project object */;
}
