// !$*UTF8*$!
{
	archiveVersion = 1;
	classes = {
	};
	objectVersion = 46;
	objects = {

/* Begin PBXBuildFile section */
		5CBAAD681A1E74E700CDDBE9 /* AppDelegate.swift in Sources */ = {isa = PBXBuildFile; fileRef = 5CBAAD671A1E74E700CDDBE9 /* AppDelegate.swift */; };
		5CBAAD6D1A1E74E800CDDBE9 /* Main.storyboard in Resources */ = {isa = PBXBuildFile; fileRef = 5CBAAD6B1A1E74E800CDDBE9 /* Main.storyboard */; };
		5CBAAD6F1A1E74E800CDDBE9 /* Images.xcassets in Resources */ = {isa = PBXBuildFile; fileRef = 5CBAAD6E1A1E74E800CDDBE9 /* Images.xcassets */; };
		5CBAAD721A1E74E800CDDBE9 /* LaunchScreen.xib in Resources */ = {isa = PBXBuildFile; fileRef = 5CBAAD701A1E74E800CDDBE9 /* LaunchScreen.xib */; };
		5CBAAD7E1A1E74E900CDDBE9 /* NaviTests.swift in Sources */ = {isa = PBXBuildFile; fileRef = 5CBAAD7D1A1E74E900CDDBE9 /* NaviTests.swift */; };
/* End PBXBuildFile section */

/* Begin PBXContainerItemProxy section */
		5CBAAD781A1E74E900CDDBE9 /* PBXContainerItemProxy */ = {
			isa = PBXContainerItemProxy;
			containerPortal = 5CBAAD5A1A1E74E700CDDBE9 /* Project object */;
			proxyType = 1;
			remoteGlobalIDString = 5CBAAD611A1E74E700CDDBE9;
			remoteInfo = Navi;
		};
/* End PBXContainerItemProxy section */

/* Begin PBXFileReference section */
		5CBAAD621A1E74E700CDDBE9 /* Navi.app */ = {isa = PBXFileReference; explicitFileType = wrapper.application; includeInIndex = 0; path = Navi.app; sourceTree = BUILT_PRODUCTS_DIR; };
		5CBAAD661A1E74E700CDDBE9 /* Info.plist */ = {isa = PBXFileReference; lastKnownFileType = text.plist.xml; path = Info.plist; sourceTree = "<group>"; };
		5CBAAD671A1E74E700CDDBE9 /* AppDelegate.swift */ = {isa = PBXFileReference; lastKnownFileType = sourcecode.swift; path = AppDelegate.swift; sourceTree = "<group>"; };
		5CBAAD6C1A1E74E800CDDBE9 /* Base */ = {isa = PBXFileReference; lastKnownFileType = file.storyboard; name = Base; path = Base.lproj/Main.storyboard; sourceTree = "<group>"; };
		5CBAAD6E1A1E74E800CDDBE9 /* Images.xcassets */ = {isa = PBXFileReference; lastKnownFileType = folder.assetcatalog; path = Images.xcassets; sourceTree = "<group>"; };
		5CBAAD711A1E74E800CDDBE9 /* Base */ = {isa = PBXFileReference; lastKnownFileType = file.xib; name = Base; path = Base.lproj/LaunchScreen.xib; sourceTree = "<group>"; };
		5CBAAD771A1E74E900CDDBE9 /* NaviTests.xctest */ = {isa = PBXFileReference; explicitFileType = wrapper.cfbundle; includeInIndex = 0; path = NaviTests.xctest; sourceTree = BUILT_PRODUCTS_DIR; };
		5CBAAD7C1A1E74E900CDDBE9 /* Info.plist */ = {isa = PBXFileReference; lastKnownFileType = text.plist.xml; path = Info.plist; sourceTree = "<group>"; };
		5CBAAD7D1A1E74E900CDDBE9 /* NaviTests.swift */ = {isa = PBXFileReference; lastKnownFileType = sourcecode.swift; path = NaviTests.swift; sourceTree = "<group>"; };
/* End PBXFileReference section */

/* Begin PBXFrameworksBuildPhase section */
		5CBAAD5F1A1E74E700CDDBE9 /* Frameworks */ = {
			isa = PBXFrameworksBuildPhase;
			buildActionMask = 2147483647;
			files = (
			);
			runOnlyForDeploymentPostprocessing = 0;
		};
		5CBAAD741A1E74E900CDDBE9 /* Frameworks */ = {
			isa = PBXFrameworksBuildPhase;
			buildActionMask = 2147483647;
			files = (
			);
			runOnlyForDeploymentPostprocessing = 0;
		};
/* End PBXFrameworksBuildPhase section */

/* Begin PBXGroup section */
		5CBAAD591A1E74E700CDDBE9 = {
			isa = PBXGroup;
			children = (
				5CBAAD641A1E74E700CDDBE9 /* Navi */,
				5CBAAD7A1A1E74E900CDDBE9 /* NaviTests */,
				5CBAAD631A1E74E700CDDBE9 /* Products */,
			);
			sourceTree = "<group>";
		};
		5CBAAD631A1E74E700CDDBE9 /* Products */ = {
			isa = PBXGroup;
			children = (
				5CBAAD621A1E74E700CDDBE9 /* Navi.app */,
				5CBAAD771A1E74E900CDDBE9 /* NaviTests.xctest */,
			);
			name = Products;
			sourceTree = "<group>";
		};
		5CBAAD641A1E74E700CDDBE9 /* Navi */ = {
			isa = PBXGroup;
			children = (
				5CBAAD671A1E74E700CDDBE9 /* AppDelegate.swift */,
				5CBAAD6B1A1E74E800CDDBE9 /* Main.storyboard */,
				5CBAAD6E1A1E74E800CDDBE9 /* Images.xcassets */,
				5CBAAD701A1E74E800CDDBE9 /* LaunchScreen.xib */,
				5CBAAD651A1E74E700CDDBE9 /* Supporting Files */,
			);
			path = Navi;
			sourceTree = "<group>";
		};
		5CBAAD651A1E74E700CDDBE9 /* Supporting Files */ = {
			isa = PBXGroup;
			children = (
				5CBAAD661A1E74E700CDDBE9 /* Info.plist */,
			);
			name = "Supporting Files";
			sourceTree = "<group>";
		};
		5CBAAD7A1A1E74E900CDDBE9 /* NaviTests */ = {
			isa = PBXGroup;
			children = (
				5CBAAD7D1A1E74E900CDDBE9 /* NaviTests.swift */,
				5CBAAD7B1A1E74E900CDDBE9 /* Supporting Files */,
			);
			path = NaviTests;
			sourceTree = "<group>";
		};
		5CBAAD7B1A1E74E900CDDBE9 /* Supporting Files */ = {
			isa = PBXGroup;
			children = (
				5CBAAD7C1A1E74E900CDDBE9 /* Info.plist */,
			);
			name = "Supporting Files";
			sourceTree = "<group>";
		};
/* End PBXGroup section */

/* Begin PBXNativeTarget section */
		5CBAAD611A1E74E700CDDBE9 /* Navi */ = {
			isa = PBXNativeTarget;
			buildConfigurationList = 5CBAAD811A1E74E900CDDBE9 /* Build configuration list for PBXNativeTarget "Navi" */;
			buildPhases = (
				5CBAAD5E1A1E74E700CDDBE9 /* Sources */,
				5CBAAD5F1A1E74E700CDDBE9 /* Frameworks */,
				5CBAAD601A1E74E700CDDBE9 /* Resources */,
			);
			buildRules = (
			);
			dependencies = (
			);
			name = Navi;
			productName = Navi;
			productReference = 5CBAAD621A1E74E700CDDBE9 /* Navi.app */;
			productType = "com.apple.product-type.application";
		};
		5CBAAD761A1E74E900CDDBE9 /* NaviTests */ = {
			isa = PBXNativeTarget;
			buildConfigurationList = 5CBAAD841A1E74E900CDDBE9 /* Build configuration list for PBXNativeTarget "NaviTests" */;
			buildPhases = (
				5CBAAD731A1E74E900CDDBE9 /* Sources */,
				5CBAAD741A1E74E900CDDBE9 /* Frameworks */,
				5CBAAD751A1E74E900CDDBE9 /* Resources */,
			);
			buildRules = (
			);
			dependencies = (
				5CBAAD791A1E74E900CDDBE9 /* PBXTargetDependency */,
			);
			name = NaviTests;
			productName = NaviTests;
			productReference = 5CBAAD771A1E74E900CDDBE9 /* NaviTests.xctest */;
			productType = "com.apple.product-type.bundle.unit-test";
		};
/* End PBXNativeTarget section */

/* Begin PBXProject section */
		5CBAAD5A1A1E74E700CDDBE9 /* Project object */ = {
			isa = PBXProject;
			attributes = {
				LastUpgradeCheck = 0610;
				ORGANIZATIONNAME = "Madison DeHart";
				TargetAttributes = {
					5CBAAD611A1E74E700CDDBE9 = {
						CreatedOnToolsVersion = 6.1;
					};
					5CBAAD761A1E74E900CDDBE9 = {
						CreatedOnToolsVersion = 6.1;
						TestTargetID = 5CBAAD611A1E74E700CDDBE9;
					};
				};
			};
			buildConfigurationList = 5CBAAD5D1A1E74E700CDDBE9 /* Build configuration list for PBXProject "Navi" */;
			compatibilityVersion = "Xcode 3.2";
			developmentRegion = English;
			hasScannedForEncodings = 0;
			knownRegions = (
				en,
				Base,
			);
			mainGroup = 5CBAAD591A1E74E700CDDBE9;
			productRefGroup = 5CBAAD631A1E74E700CDDBE9 /* Products */;
			projectDirPath = "";
			projectRoot = "";
			targets = (
				5CBAAD611A1E74E700CDDBE9 /* Navi */,
				5CBAAD761A1E74E900CDDBE9 /* NaviTests */,
			);
		};
/* End PBXProject section */

/* Begin PBXResourcesBuildPhase section */
		5CBAAD601A1E74E700CDDBE9 /* Resources */ = {
			isa = PBXResourcesBuildPhase;
			buildActionMask = 2147483647;
			files = (
				5CBAAD6D1A1E74E800CDDBE9 /* Main.storyboard in Resources */,
				5CBAAD721A1E74E800CDDBE9 /* LaunchScreen.xib in Resources */,
				5CBAAD6F1A1E74E800CDDBE9 /* Images.xcassets in Resources */,
			);
			runOnlyForDeploymentPostprocessing = 0;
		};
		5CBAAD751A1E74E900CDDBE9 /* Resources */ = {
			isa = PBXResourcesBuildPhase;
			buildActionMask = 2147483647;
			files = (
			);
			runOnlyForDeploymentPostprocessing = 0;
		};
/* End PBXResourcesBuildPhase section */

/* Begin PBXSourcesBuildPhase section */
		5CBAAD5E1A1E74E700CDDBE9 /* Sources */ = {
			isa = PBXSourcesBuildPhase;
			buildActionMask = 2147483647;
			files = (
				5CBAAD681A1E74E700CDDBE9 /* AppDelegate.swift in Sources */,
			);
			runOnlyForDeploymentPostprocessing = 0;
		};
		5CBAAD731A1E74E900CDDBE9 /* Sources */ = {
			isa = PBXSourcesBuildPhase;
			buildActionMask = 2147483647;
			files = (
				5CBAAD7E1A1E74E900CDDBE9 /* NaviTests.swift in Sources */,
			);
			runOnlyForDeploymentPostprocessing = 0;
		};
/* End PBXSourcesBuildPhase section */

/* Begin PBXTargetDependency section */
		5CBAAD791A1E74E900CDDBE9 /* PBXTargetDependency */ = {
			isa = PBXTargetDependency;
			target = 5CBAAD611A1E74E700CDDBE9 /* Navi */;
			targetProxy = 5CBAAD781A1E74E900CDDBE9 /* PBXContainerItemProxy */;
		};
/* End PBXTargetDependency section */

/* Begin PBXVariantGroup section */
		5CBAAD6B1A1E74E800CDDBE9 /* Main.storyboard */ = {
			isa = PBXVariantGroup;
			children = (
				5CBAAD6C1A1E74E800CDDBE9 /* Base */,
			);
			name = Main.storyboard;
			sourceTree = "<group>";
		};
		5CBAAD701A1E74E800CDDBE9 /* LaunchScreen.xib */ = {
			isa = PBXVariantGroup;
			children = (
				5CBAAD711A1E74E800CDDBE9 /* Base */,
			);
			name = LaunchScreen.xib;
			sourceTree = "<group>";
		};
/* End PBXVariantGroup section */

/* Begin XCBuildConfiguration section */
		5CBAAD7F1A1E74E900CDDBE9 /* Debug */ = {
			isa = XCBuildConfiguration;
			buildSettings = {
				ALWAYS_SEARCH_USER_PATHS = NO;
				CLANG_CXX_LANGUAGE_STANDARD = "gnu++0x";
				CLANG_CXX_LIBRARY = "libc++";
				CLANG_ENABLE_MODULES = YES;
				CLANG_ENABLE_OBJC_ARC = YES;
				CLANG_WARN_BOOL_CONVERSION = YES;
				CLANG_WARN_CONSTANT_CONVERSION = YES;
				CLANG_WARN_DIRECT_OBJC_ISA_USAGE = YES_ERROR;
				CLANG_WARN_EMPTY_BODY = YES;
				CLANG_WARN_ENUM_CONVERSION = YES;
				CLANG_WARN_INT_CONVERSION = YES;
				CLANG_WARN_OBJC_ROOT_CLASS = YES_ERROR;
				CLANG_WARN_UNREACHABLE_CODE = YES;
				CLANG_WARN__DUPLICATE_METHOD_MATCH = YES;
				"CODE_SIGN_IDENTITY[sdk=iphoneos*]" = "iPhone Developer";
				COPY_PHASE_STRIP = NO;
				ENABLE_STRICT_OBJC_MSGSEND = YES;
				GCC_C_LANGUAGE_STANDARD = gnu99;
				GCC_DYNAMIC_NO_PIC = NO;
				GCC_OPTIMIZATION_LEVEL = 0;
				GCC_PREPROCESSOR_DEFINITIONS = (
					"DEBUG=1",
					"$(inherited)",
				);
				GCC_SYMBOLS_PRIVATE_EXTERN = NO;
				GCC_WARN_64_TO_32_BIT_CONVERSION = YES;
				GCC_WARN_ABOUT_RETURN_TYPE = YES_ERROR;
				GCC_WARN_UNDECLARED_SELECTOR = YES;
				GCC_WARN_UNINITIALIZED_AUTOS = YES_AGGRESSIVE;
				GCC_WARN_UNUSED_FUNCTION = YES;
				GCC_WARN_UNUSED_VARIABLE = YES;
				IPHONEOS_DEPLOYMENT_TARGET = 8.1;
				MTL_ENABLE_DEBUG_INFO = YES;
				ONLY_ACTIVE_ARCH = YES;
				SDKROOT = iphoneos;
				SWIFT_OPTIMIZATION_LEVEL = "-Onone";
			};
			name = Debug;
		};
		5CBAAD801A1E74E900CDDBE9 /* Release */ = {
			isa = XCBuildConfiguration;
			buildSettings = {
				ALWAYS_SEARCH_USER_PATHS = NO;
				CLANG_CXX_LANGUAGE_STANDARD = "gnu++0x";
				CLANG_CXX_LIBRARY = "libc++";
				CLANG_ENABLE_MODULES = YES;
				CLANG_ENABLE_OBJC_ARC = YES;
				CLANG_WARN_BOOL_CONVERSION = YES;
				CLANG_WARN_CONSTANT_CONVERSION = YES;
				CLANG_WARN_DIRECT_OBJC_ISA_USAGE = YES_ERROR;
				CLANG_WARN_EMPTY_BODY = YES;
				CLANG_WARN_ENUM_CONVERSION = YES;
				CLANG_WARN_INT_CONVERSION = YES;
				CLANG_WARN_OBJC_ROOT_CLASS = YES_ERROR;
				CLANG_WARN_UNREACHABLE_CODE = YES;
				CLANG_WARN__DUPLICATE_METHOD_MATCH = YES;
				"CODE_SIGN_IDENTITY[sdk=iphoneos*]" = "iPhone Developer";
				COPY_PHASE_STRIP = YES;
				ENABLE_NS_ASSERTIONS = NO;
				ENABLE_STRICT_OBJC_MSGSEND = YES;
				GCC_C_LANGUAGE_STANDARD = gnu99;
				GCC_WARN_64_TO_32_BIT_CONVERSION = YES;
				GCC_WARN_ABOUT_RETURN_TYPE = YES_ERROR;
				GCC_WARN_UNDECLARED_SELECTOR = YES;
				GCC_WARN_UNINITIALIZED_AUTOS = YES_AGGRESSIVE;
				GCC_WARN_UNUSED_FUNCTION = YES;
				GCC_WARN_UNUSED_VARIABLE = YES;
				IPHONEOS_DEPLOYMENT_TARGET = 8.1;
				MTL_ENABLE_DEBUG_INFO = NO;
				SDKROOT = iphoneos;
				VALIDATE_PRODUCT = YES;
			};
			name = Release;
		};
		5CBAAD821A1E74E900CDDBE9 /* Debug */ = {
			isa = XCBuildConfiguration;
			buildSettings = {
				ASSETCATALOG_COMPILER_APPICON_NAME = AppIcon;
				INFOPLIST_FILE = Navi/Info.plist;
				LD_RUNPATH_SEARCH_PATHS = "$(inherited) @executable_path/Frameworks";
				PRODUCT_NAME = "$(TARGET_NAME)";
			};
			name = Debug;
		};
		5CBAAD831A1E74E900CDDBE9 /* Release */ = {
			isa = XCBuildConfiguration;
			buildSettings = {
				ASSETCATALOG_COMPILER_APPICON_NAME = AppIcon;
				INFOPLIST_FILE = Navi/Info.plist;
				LD_RUNPATH_SEARCH_PATHS = "$(inherited) @executable_path/Frameworks";
				PRODUCT_NAME = "$(TARGET_NAME)";
			};
			name = Release;
		};
		5CBAAD851A1E74E900CDDBE9 /* Debug */ = {
			isa = XCBuildConfiguration;
			buildSettings = {
				BUNDLE_LOADER = "$(TEST_HOST)";
				FRAMEWORK_SEARCH_PATHS = (
					"$(SDKROOT)/Developer/Library/Frameworks",
					"$(inherited)",
				);
				GCC_PREPROCESSOR_DEFINITIONS = (
					"DEBUG=1",
					"$(inherited)",
				);
				INFOPLIST_FILE = NaviTests/Info.plist;
				LD_RUNPATH_SEARCH_PATHS = "$(inherited) @executable_path/Frameworks @loader_path/Frameworks";
				PRODUCT_NAME = "$(TARGET_NAME)";
				TEST_HOST = "$(BUILT_PRODUCTS_DIR)/Navi.app/Navi";
			};
			name = Debug;
		};
		5CBAAD861A1E74E900CDDBE9 /* Release */ = {
			isa = XCBuildConfiguration;
			buildSettings = {
				BUNDLE_LOADER = "$(TEST_HOST)";
				FRAMEWORK_SEARCH_PATHS = (
					"$(SDKROOT)/Developer/Library/Frameworks",
					"$(inherited)",
				);
				INFOPLIST_FILE = NaviTests/Info.plist;
				LD_RUNPATH_SEARCH_PATHS = "$(inherited) @executable_path/Frameworks @loader_path/Frameworks";
				PRODUCT_NAME = "$(TARGET_NAME)";
				TEST_HOST = "$(BUILT_PRODUCTS_DIR)/Navi.app/Navi";
			};
			name = Release;
		};
/* End XCBuildConfiguration section */

/* Begin XCConfigurationList section */
		5CBAAD5D1A1E74E700CDDBE9 /* Build configuration list for PBXProject "Navi" */ = {
			isa = XCConfigurationList;
			buildConfigurations = (
				5CBAAD7F1A1E74E900CDDBE9 /* Debug */,
				5CBAAD801A1E74E900CDDBE9 /* Release */,
			);
			defaultConfigurationIsVisible = 0;
			defaultConfigurationName = Release;
		};
		5CBAAD811A1E74E900CDDBE9 /* Build configuration list for PBXNativeTarget "Navi" */ = {
			isa = XCConfigurationList;
			buildConfigurations = (
				5CBAAD821A1E74E900CDDBE9 /* Debug */,
				5CBAAD831A1E74E900CDDBE9 /* Release */,
			);
			defaultConfigurationIsVisible = 0;
		};
		5CBAAD841A1E74E900CDDBE9 /* Build configuration list for PBXNativeTarget "NaviTests" */ = {
			isa = XCConfigurationList;
			buildConfigurations = (
				5CBAAD851A1E74E900CDDBE9 /* Debug */,
				5CBAAD861A1E74E900CDDBE9 /* Release */,
			);
			defaultConfigurationIsVisible = 0;
		};
/* End XCConfigurationList section */
	};
	rootObject = 5CBAAD5A1A1E74E700CDDBE9 /* Project object */;
}
